[[package]]
category = "main"
description = "Fast ASN.1 parser and serializer with definitions for private keys, public keys, certificates, CRL, OCSP, CMS, PKCS#3, PKCS#7, PKCS#8, PKCS#12, PKCS#5, X.509 and TSP"
name = "asn1crypto"
optional = false
python-versions = "*"
version = "0.24.0"

[[package]]
category = "main"
description = "httplib2 caching for requests"
name = "cachecontrol"
optional = false
python-versions = ">=2.7, !=3.0.*, !=3.1.*, !=3.2.*, !=3.3.*"
version = "0.12.5"

[package.dependencies]
msgpack = "*"
requests = "*"

[[package]]
category = "main"
description = "Python package for providing Mozilla's CA Bundle."
name = "certifi"
optional = false
python-versions = "*"
version = "2019.6.16"

[[package]]
category = "main"
description = "Foreign Function Interface for Python calling C code."
name = "cffi"
optional = false
python-versions = "*"
version = "1.12.3"

[package.dependencies]
pycparser = "*"

[[package]]
category = "main"
description = "Universal encoding detector for Python 2 and 3"
name = "chardet"
optional = false
python-versions = "*"
version = "3.0.4"

[[package]]
category = "main"
description = "Composable command line interface toolkit"
name = "click"
optional = false
python-versions = ">=2.7, !=3.0.*, !=3.1.*, !=3.2.*, !=3.3.*"
version = "7.0"

[[package]]
category = "main"
description = "Cross-platform colored terminal text."
name = "colorama"
optional = false
python-versions = "*"
version = "0.3.9"

[[package]]
category = "main"
description = "cryptography is a package which provides cryptographic recipes and primitives to Python developers."
name = "cryptography"
optional = false
python-versions = ">=2.7,!=3.0.*,!=3.1.*,!=3.2.*,!=3.3.*"
version = "2.7"

[package.dependencies]
asn1crypto = ">=0.21.0"
cffi = ">=1.8,<1.11.3 || >1.11.3"
six = ">=1.4.1"

[[package]]
category = "main"
description = "A small Python package to hide or show the terminal cursor"
name = "cursor"
optional = false
python-versions = "*"
version = "1.2.0"

[[package]]
category = "main"
description = "Python 3.4 Enum backported to 3.3, 3.2, 3.1, 2.7, 2.6, 2.5, and 2.4"
name = "enum34"
optional = false
python-versions = "*"
version = "1.1.6"

[[package]]
category = "main"
description = "Python wrapper for the GitHub API(http://developer.github.com/v3)"
name = "github3.py"
optional = false
python-versions = "*"
version = "1.3.0"

[package.dependencies]
jwcrypto = ">=0.5.0"
python-dateutil = ">=2.6.0"
requests = ">=2.18"
uritemplate = ">=3.0.0"

[[package]]
category = "main"
description = "Beautiful terminal spinners in Python"
name = "halo"
optional = false
python-versions = "*"
version = "0.0.26"

[package.dependencies]
colorama = "0.3.9"
cursor = "1.2.0"
log-symbols = "0.0.13"
six = "1.12.0"
spinners = "0.0.23"
termcolor = "1.1.0"

[[package]]
category = "main"
description = "Internationalized Domain Names in Applications (IDNA)"
name = "idna"
optional = false
python-versions = ">=2.7, !=3.0.*, !=3.1.*, !=3.2.*, !=3.3.*"
version = "2.8"

[[package]]
category = "main"
description = "Implementation of JOSE Web standards"
name = "jwcrypto"
optional = false
python-versions = "*"
version = "0.6.0"

[package.dependencies]
cryptography = ">=1.5"

[[package]]
category = "main"
description = "Platform-independent file locking module"
name = "lockfile"
optional = false
python-versions = "*"
version = "0.12.2"

[[package]]
category = "main"
description = "Colored symbols for various log levels for Python"
name = "log-symbols"
optional = false
python-versions = "*"
version = "0.0.13"

[package.dependencies]
colorama = "0.3.9"

[[package]]
category = "main"
description = "MessagePack (de)serializer."
name = "msgpack"
optional = false
python-versions = "*"
version = "0.6.1"

[[package]]
category = "main"
description = "C parser in Python"
name = "pycparser"
optional = false
python-versions = ">=2.7, !=3.0.*, !=3.1.*, !=3.2.*, !=3.3.*"
version = "2.19"

[[package]]
category = "main"
description = "Extensions to the standard Python datetime module"
name = "python-dateutil"
optional = false
python-versions = ">=2.7, !=3.0.*, !=3.1.*, !=3.2.*"
version = "2.8.0"

[package.dependencies]
six = ">=1.5"

[[package]]
category = "main"
description = "Python HTTP for Humans."
name = "requests"
optional = false
python-versions = ">=2.7, !=3.0.*, !=3.1.*, !=3.2.*, !=3.3.*, !=3.4.*"
version = "2.22.0"

[package.dependencies]
certifi = ">=2017.4.17"
chardet = ">=3.0.2,<3.1.0"
idna = ">=2.5,<2.9"
urllib3 = ">=1.21.1,<1.25.0 || >1.25.0,<1.25.1 || >1.25.1,<1.26"

[[package]]
category = "main"
description = "Fast HTML5 CSS selector."
name = "selectolax"
optional = false
python-versions = "*"
version = "0.1.13"

[[package]]
category = "main"
description = "Python 2 and 3 compatibility utilities"
name = "six"
optional = false
python-versions = ">=2.6, !=3.0.*, !=3.1.*"
version = "1.12.0"

[[package]]
category = "main"
description = "Spinners for terminals"
name = "spinners"
optional = false
python-versions = "*"
version = "0.0.23"

[package.dependencies]
enum34 = "1.1.6"

[[package]]
category = "main"
description = "Pretty-print tabular data"
name = "tabulate"
optional = false
python-versions = "*"
version = "0.8.3"

[[package]]
category = "main"
description = "ANSII Color formatting for output in terminal."
name = "termcolor"
optional = false
python-versions = "*"
version = "1.1.0"

[[package]]
category = "main"
description = "URI templates"
name = "uritemplate"
optional = false
python-versions = "*"
version = "3.0.0"

[[package]]
category = "main"
description = "HTTP library with thread-safe connection pooling, file post, and more."
name = "urllib3"
optional = false
python-versions = ">=2.7, !=3.0.*, !=3.1.*, !=3.2.*, !=3.3.*, <4"
version = "1.25.3"

[metadata]
content-hash = "808ca3b1be0da251df70bfd367d9e13aa2dc62b8c0d45a2b41f8d059e605c5f1"
python-versions = "^3.5"

[metadata.hashes]
asn1crypto = ["2f1adbb7546ed199e3c90ef23ec95c5cf3585bac7d11fb7eb562a3fe89c64e87", "9d5c20441baf0cb60a4ac34cc447c6c189024b6b4c6cd7877034f4965c464e49"]
cachecontrol = ["cef77effdf51b43178f6a2d3b787e3734f98ade253fa3187f3bb7315aaa42ff7"]
certifi = ["046832c04d4e752f37383b628bc601a7ea7211496b4638f6514d0e5b9acc4939", "945e3ba63a0b9f577b1395204e13c3a231f9bc0223888be653286534e5873695"]
cffi = ["041c81822e9f84b1d9c401182e174996f0bae9991f33725d059b771744290774", "046ef9a22f5d3eed06334d01b1e836977eeef500d9b78e9ef693f9380ad0b83d", "066bc4c7895c91812eff46f4b1c285220947d4aa46fa0a2651ff85f2afae9c90", "066c7ff148ae33040c01058662d6752fd73fbc8e64787229ea8498c7d7f4041b", "2444d0c61f03dcd26dbf7600cf64354376ee579acad77aef459e34efcb438c63", "300832850b8f7967e278870c5d51e3819b9aad8f0a2c8dbe39ab11f119237f45", "34c77afe85b6b9e967bd8154e3855e847b70ca42043db6ad17f26899a3df1b25", "46de5fa00f7ac09f020729148ff632819649b3e05a007d286242c4882f7b1dc3", "4aa8ee7ba27c472d429b980c51e714a24f47ca296d53f4d7868075b175866f4b", "4d0004eb4351e35ed950c14c11e734182591465a33e960a4ab5e8d4f04d72647", "4e3d3f31a1e202b0f5a35ba3bc4eb41e2fc2b11c1eff38b362de710bcffb5016", "50bec6d35e6b1aaeb17f7c4e2b9374ebf95a8975d57863546fa83e8d31bdb8c4", "55cad9a6df1e2a1d62063f79d0881a414a906a6962bc160ac968cc03ed3efcfb", "5662ad4e4e84f1eaa8efce5da695c5d2e229c563f9d5ce5b0113f71321bcf753", "59b4dc008f98fc6ee2bb4fd7fc786a8d70000d058c2bbe2698275bc53a8d3fa7", "73e1ffefe05e4ccd7bcea61af76f36077b914f92b76f95ccf00b0c1b9186f3f9", "a1f0fd46eba2d71ce1589f7e50a9e2ffaeb739fb2c11e8192aa2b45d5f6cc41f", "a2e85dc204556657661051ff4bab75a84e968669765c8a2cd425918699c3d0e8", "a5457d47dfff24882a21492e5815f891c0ca35fefae8aa742c6c263dac16ef1f", "a8dccd61d52a8dae4a825cdbb7735da530179fea472903eb871a5513b5abbfdc", "ae61af521ed676cf16ae94f30fe202781a38d7178b6b4ab622e4eec8cefaff42", "b012a5edb48288f77a63dba0840c92d0504aa215612da4541b7b42d849bc83a3", "d2c5cfa536227f57f97c92ac30c8109688ace8fa4ac086d19d0af47d134e2909", "d42b5796e20aacc9d15e66befb7a345454eef794fdb0737d1af593447c6c8f45", "dee54f5d30d775f525894d67b1495625dd9322945e7fee00731952e0368ff42d", "e070535507bd6aa07124258171be2ee8dfc19119c28ca94c9dfb7efd23564512", "e1ff2748c84d97b065cc95429814cdba39bcbd77c9c85c89344b317dc0d9cbff", "ed851c75d1e0e043cbf5ca9a8e1b13c4c90f3fbd863dacb01c0808e2b5204201"]
chardet = ["84ab92ed1c4d4f16916e05906b6b75a6c0fb5db821cc65e70cbd64a3e2a5eaae", "fc323ffcaeaed0e0a02bf4d117757b98aed530d9ed4531e3e15460124c106691"]
click = ["2335065e6395b9e67ca716de5f7526736bfa6ceead690adf616d925bdc622b13", "5b94b49521f6456670fdb30cd82a4eca9412788a93fa6dd6df72c94d5a8ff2d7"]
colorama = ["463f8483208e921368c9f306094eb6f725c6ca42b0f97e313cb5d5512459feda", "48eb22f4f8461b1df5734a074b57042430fb06e1d61bd1e11b078c0fe6d7a1f1"]
cryptography = ["24b61e5fcb506424d3ec4e18bca995833839bf13c59fc43e530e488f28d46b8c", "25dd1581a183e9e7a806fe0543f485103232f940fcfc301db65e630512cce643", "3452bba7c21c69f2df772762be0066c7ed5dc65df494a1d53a58b683a83e1216", "41a0be220dd1ed9e998f5891948306eb8c812b512dc398e5a01846d855050799", "5751d8a11b956fbfa314f6553d186b94aa70fdb03d8a4d4f1c82dcacf0cbe28a", "5f61c7d749048fa6e3322258b4263463bfccefecb0dd731b6561cb617a1d9bb9", "72e24c521fa2106f19623a3851e9f89ddfdeb9ac63871c7643790f872a305dfc", "7b97ae6ef5cba2e3bb14256625423413d5ce8d1abb91d4f29b6d1a081da765f8", "961e886d8a3590fd2c723cf07be14e2a91cf53c25f02435c04d39e90780e3b53", "96d8473848e984184b6728e2c9d391482008646276c3ff084a1bd89e15ff53a1", "ae536da50c7ad1e002c3eee101871d93abdc90d9c5f651818450a0d3af718609", "b0db0cecf396033abb4a93c95d1602f268b3a68bb0a9cc06a7cff587bb9a7292", "cfee9164954c186b191b91d4193989ca994703b2fff406f71cf454a2d3c7327e", "e6347742ac8f35ded4a46ff835c60e68c22a536a8ae5c4422966d06946b6d4c6", "f27d93f0139a3c056172ebb5d4f9056e770fdf0206c2f422ff2ebbad142e09ed", "f57b76e46a58b63d1c6375017f4564a28f19a5ca912691fd2e4261b3414b618d"]
cursor = ["8ee9fe5b925e1001f6ae6c017e93682583d2b4d1ef7130a26cfcdf1651c0032c"]
enum34 = ["2d81cbbe0e73112bdfe6ef8576f2238f2ba27dd0d55752a776c41d38b7da2850", "644837f692e5f550741432dd3f223bbb9852018674981b1664e5dc339387588a", "6bd0f6ad48ec2aa117d3d141940d484deccda84d4fcd884f5c3d93c23ecd8c79", "8ad8c4783bf61ded74527bffb48ed9b54166685e4230386a9ed9b1279e2df5b1"]
"github3.py" = ["15a115c18f7bfcf934dfef7ab103844eb9f620c586bad65967708926da47cbda", "50833b5da35546b8cced0e8d7ff4c50a9afc2c8e46cc4d07dc4b66d26467c708"]
halo = ["44f55e408b55607193bfce728ac2fc8d8225e44445e2d9074a2d941cc05eb826", "73c3f168a03f854ae4fabcc1d3bb69bbc41110e8abb91eb42390fc9876901a9e"]
idna = ["c357b3f628cf53ae2c4c05627ecc484553142ca23264e593d327bcde5e9c3407", "ea8b7f6188e6fa117537c3df7da9fc686d485087abf6ac197f9c46432f7e4a3c"]
jwcrypto = ["a87ac0922d09d9a65011f76d99849f1fbad3d95439c7452cebf4ab0871c2b665", "e6c517d8998956e531f0a1c158b2f324c29a532a9c4b677bc30b3be14d60ad4d"]
lockfile = ["6aed02de03cba24efabcd600b30540140634fc06cfa603822d508d5361e9f799", "6c3cb24f344923d30b2785d5ad75182c8ea7ac1b6171b08657258ec7429d50fa"]
log-symbols = ["2431e5fed65ff02d151f17a598c19ef91a2a381cf080d0be0fd6573fa416c5e5", "ecc2f8f3ee586fd819d8c8696705914761cd8367d1f10597b9b49a0980ab6e55"]
msgpack = ["26cb40116111c232bc235ce131cc3b4e76549088cb154e66a2eb8ff6fcc907ec", "300fd3f2c664a3bf473d6a952f843b4a71454f4c592ed7e74a36b205c1782d28", "3129c355342853007de4a2a86e75eab966119733eb15748819b6554363d4e85c", "31f6d645ee5a97d59d3263fab9e6be76f69fa131cddc0d94091a3c8aca30d67a", "3ce7ef7ee2546c3903ca8c934d09250531b80c6127e6478781ae31ed835aac4c", "4008c72f5ef2b7936447dcb83db41d97e9791c83221be13d5e19db0796df1972", "62bd8e43d204580308d477a157b78d3fee2fb4c15d32578108dc5d89866036c8", "70cebfe08fb32f83051971264466eadf183101e335d8107b80002e632f425511", "72cb7cf85e9df5251abd7b61a1af1fb77add15f40fa7328e924a9c0b6bc7a533", "7c55649965c35eb32c499d17dadfb8f53358b961582846e1bc06f66b9bccc556", "86b963a5de11336ec26bc4f839327673c9796b398b9f1fe6bb6150c2a5d00f0f", "8c73c9bcdfb526247c5e4f4f6cf581b9bb86b388df82cfcaffde0a6e7bf3b43a", "8e68c76c6aff4849089962d25346d6784d38e02baa23ffa513cf46be72e3a540", "97ac6b867a8f63debc64f44efdc695109d541ecc361ee2dce2c8884ab37360a1", "9d4f546af72aa001241d74a79caec278bcc007b4bcde4099994732e98012c858", "a28e69fe5468c9f5251c7e4e7232286d71b7dfadc74f312006ebe984433e9746", "fd509d4aa95404ce8d86b4e32ce66d5d706fd6646c205e1c2a715d87078683a2"]
pycparser = ["a988718abfad80b6b157acce7bf130a30876d27603738ac39f140993246b25b3"]
python-dateutil = ["7e6584c74aeed623791615e26efd690f29817a27c73085b78e4bad02493df2fb", "c89805f6f4d64db21ed966fda138f8a5ed7a4fdbc1a8ee329ce1b74e3c74da9e"]
requests = ["11e007a8a2aa0323f5a921e9e6a2d7e4e67d9877e85773fba9ba6419025cbeb4", "9cf5292fcd0f598c671cfc1e0d7d1a7f13bb8085e9a590f48c010551dc6c4b31"]
selectolax = ["14ec9b490623bf7e3514ea8a679fc342222d28fce6444e7b1d23cc39cca23950", "9e13a3e74963c8804948d1533c0a749b53955c07bda3b8f17e08557b9b4b3724"]
six = ["3350809f0555b11f552448330d0b52d5f24c91a322ea4a15ef22629740f3761c", "d16a0141ec1a18405cd4ce8b4613101da75da0e9a7aec5bdd4fa804d0e0eba73"]
spinners = ["f396fea1ee00c0622988d7d2bf2895d26dd6f70850ca2ce94eaca52ca4873560"]
tabulate = ["8af07a39377cee1103a5c8b3330a421c2d99b9141e9cc5ddd2e3263fea416943"]
termcolor = ["1d6d69ce66211143803fbc56652b41d73b4a400a2891d7bf7a1cdf4c02de613b"]
uritemplate = ["01c69f4fe8ed503b2951bef85d996a9d22434d2431584b5b107b2981ff416fbd", "1b9c467a940ce9fb9f50df819e8ddd14696f89b9a8cc87ac77952ba416e0a8fd", "c02643cebe23fc8adb5e6becffe201185bf06c40bda5c0b4028a93f1527d011d"]
urllib3 = ["b246607a25ac80bedac05c6f282e3cdaf3afb65420fd024ac94435cabe6e18d1", "dbe59173209418ae49d485b87d1681aefa36252ee85884c31346debd19463232"]
