# This file is automatically @generated by Poetry and should not be changed by hand.

[[package]]
name = "appdirs"
version = "1.4.4"
description = "A small Python module for determining appropriate platform-specific dirs, e.g. a \"user data dir\"."
category = "main"
optional = false
python-versions = "*"
files = [
    {file = "appdirs-1.4.4-py2.py3-none-any.whl", hash = "sha256:a841dacd6b99318a741b166adb07e19ee71a274450e68237b4650ca1055ab128"},
    {file = "appdirs-1.4.4.tar.gz", hash = "sha256:7d5d0167b2b1ba821647616af46a749d1c653740dd0d2415100fe26e27afdf41"},
]

[[package]]
name = "better-exceptions"
version = "0.2.3"
description = "Pretty and helpful exceptions, automatically"
category = "dev"
optional = false
python-versions = "*"
files = [
    {file = "better_exceptions-0.2.3-py3-none-any.whl", hash = "sha256:28a851a58155cac9e677d632fba64b101151e4c6b3a5c92ecd27ca17e9bbd005"},
    {file = "better_exceptions-0.2.3.tar.gz", hash = "sha256:28184b6606d080d759ce79c738367254de2ca456eca349dcbab2514e2a865534"},
]

[package.dependencies]
colorama = {version = "*", markers = "sys_platform == \"win32\""}

[[package]]
name = "cachecontrol"
version = "0.12.11"
description = "httplib2 caching for requests"
category = "main"
optional = false
python-versions = ">=3.6"
files = [
    {file = "CacheControl-0.12.11-py2.py3-none-any.whl", hash = "sha256:2c75d6a8938cb1933c75c50184549ad42728a27e9f6b92fd677c3151aa72555b"},
    {file = "CacheControl-0.12.11.tar.gz", hash = "sha256:a5b9fcc986b184db101aa280b42ecdcdfc524892596f606858e0b7a8b4d9e144"},
]

[package.dependencies]
msgpack = ">=0.5.2"
requests = "*"

[package.extras]
filecache = ["lockfile (>=0.9)"]
redis = ["redis (>=2.10.5)"]

[[package]]
name = "certifi"
version = "2021.5.30"
description = "Python package for providing Mozilla's CA Bundle."
category = "main"
optional = false
python-versions = "*"
files = [
    {file = "certifi-2021.5.30-py2.py3-none-any.whl", hash = "sha256:50b1e4f8446b06f41be7dd6338db18e0990601dce795c2b1686458aa7e8fa7d8"},
    {file = "certifi-2021.5.30.tar.gz", hash = "sha256:2bbf76fd432960138b3ef6dda3dde0544f27cbf8546c458e60baf371917ba9ee"},
]

[[package]]
name = "cffi"
version = "1.14.5"
description = "Foreign Function Interface for Python calling C code."
category = "main"
optional = false
python-versions = "*"
files = [
    {file = "cffi-1.14.5-cp27-cp27m-macosx_10_9_x86_64.whl", hash = "sha256:bb89f306e5da99f4d922728ddcd6f7fcebb3241fc40edebcb7284d7514741991"},
    {file = "cffi-1.14.5-cp27-cp27m-manylinux1_i686.whl", hash = "sha256:34eff4b97f3d982fb93e2831e6750127d1355a923ebaeeb565407b3d2f8d41a1"},
    {file = "cffi-1.14.5-cp27-cp27m-manylinux1_x86_64.whl", hash = "sha256:99cd03ae7988a93dd00bcd9d0b75e1f6c426063d6f03d2f90b89e29b25b82dfa"},
    {file = "cffi-1.14.5-cp27-cp27m-win32.whl", hash = "sha256:65fa59693c62cf06e45ddbb822165394a288edce9e276647f0046e1ec26920f3"},
    {file = "cffi-1.14.5-cp27-cp27m-win_amd64.whl", hash = "sha256:51182f8927c5af975fece87b1b369f722c570fe169f9880764b1ee3bca8347b5"},
    {file = "cffi-1.14.5-cp27-cp27mu-manylinux1_i686.whl", hash = "sha256:43e0b9d9e2c9e5d152946b9c5fe062c151614b262fda2e7b201204de0b99e482"},
    {file = "cffi-1.14.5-cp27-cp27mu-manylinux1_x86_64.whl", hash = "sha256:cbde590d4faaa07c72bf979734738f328d239913ba3e043b1e98fe9a39f8b2b6"},
    {file = "cffi-1.14.5-cp35-cp35m-macosx_10_9_x86_64.whl", hash = "sha256:5de7970188bb46b7bf9858eb6890aad302577a5f6f75091fd7cdd3ef13ef3045"},
    {file = "cffi-1.14.5-cp35-cp35m-manylinux1_i686.whl", hash = "sha256:a465da611f6fa124963b91bf432d960a555563efe4ed1cc403ba5077b15370aa"},
    {file = "cffi-1.14.5-cp35-cp35m-manylinux1_x86_64.whl", hash = "sha256:d42b11d692e11b6634f7613ad8df5d6d5f8875f5d48939520d351007b3c13406"},
    {file = "cffi-1.14.5-cp35-cp35m-win32.whl", hash = "sha256:72d8d3ef52c208ee1c7b2e341f7d71c6fd3157138abf1a95166e6165dd5d4369"},
    {file = "cffi-1.14.5-cp35-cp35m-win_amd64.whl", hash = "sha256:29314480e958fd8aab22e4a58b355b629c59bf5f2ac2492b61e3dc06d8c7a315"},
    {file = "cffi-1.14.5-cp36-cp36m-macosx_10_9_x86_64.whl", hash = "sha256:3d3dd4c9e559eb172ecf00a2a7517e97d1e96de2a5e610bd9b68cea3925b4892"},
    {file = "cffi-1.14.5-cp36-cp36m-manylinux1_i686.whl", hash = "sha256:48e1c69bbacfc3d932221851b39d49e81567a4d4aac3b21258d9c24578280058"},
    {file = "cffi-1.14.5-cp36-cp36m-manylinux1_x86_64.whl", hash = "sha256:69e395c24fc60aad6bb4fa7e583698ea6cc684648e1ffb7fe85e3c1ca131a7d5"},
    {file = "cffi-1.14.5-cp36-cp36m-manylinux2014_aarch64.whl", hash = "sha256:9e93e79c2551ff263400e1e4be085a1210e12073a31c2011dbbda14bda0c6132"},
    {file = "cffi-1.14.5-cp36-cp36m-manylinux_2_17_aarch64.manylinux2014_aarch64.whl", hash = "sha256:24ec4ff2c5c0c8f9c6b87d5bb53555bf267e1e6f70e52e5a9740d32861d36b6f"},
    {file = "cffi-1.14.5-cp36-cp36m-manylinux_2_17_ppc64le.manylinux2014_ppc64le.whl", hash = "sha256:3c3f39fa737542161d8b0d680df2ec249334cd70a8f420f71c9304bd83c3cbed"},
    {file = "cffi-1.14.5-cp36-cp36m-manylinux_2_17_s390x.manylinux2014_s390x.whl", hash = "sha256:681d07b0d1e3c462dd15585ef5e33cb021321588bebd910124ef4f4fb71aef55"},
    {file = "cffi-1.14.5-cp36-cp36m-win32.whl", hash = "sha256:58e3f59d583d413809d60779492342801d6e82fefb89c86a38e040c16883be53"},
    {file = "cffi-1.14.5-cp36-cp36m-win_amd64.whl", hash = "sha256:005a36f41773e148deac64b08f233873a4d0c18b053d37da83f6af4d9087b813"},
    {file = "cffi-1.14.5-cp37-cp37m-macosx_10_9_x86_64.whl", hash = "sha256:2894f2df484ff56d717bead0a5c2abb6b9d2bf26d6960c4604d5c48bbc30ee73"},
    {file = "cffi-1.14.5-cp37-cp37m-manylinux1_i686.whl", hash = "sha256:0857f0ae312d855239a55c81ef453ee8fd24136eaba8e87a2eceba644c0d4c06"},
    {file = "cffi-1.14.5-cp37-cp37m-manylinux1_x86_64.whl", hash = "sha256:cd2868886d547469123fadc46eac7ea5253ea7fcb139f12e1dfc2bbd406427d1"},
    {file = "cffi-1.14.5-cp37-cp37m-manylinux2014_aarch64.whl", hash = "sha256:35f27e6eb43380fa080dccf676dece30bef72e4a67617ffda586641cd4508d49"},
    {file = "cffi-1.14.5-cp37-cp37m-manylinux_2_17_aarch64.manylinux2014_aarch64.whl", hash = "sha256:06d7cd1abac2ffd92e65c0609661866709b4b2d82dd15f611e602b9b188b0b69"},
    {file = "cffi-1.14.5-cp37-cp37m-manylinux_2_17_ppc64le.manylinux2014_ppc64le.whl", hash = "sha256:0f861a89e0043afec2a51fd177a567005847973be86f709bbb044d7f42fc4e05"},
    {file = "cffi-1.14.5-cp37-cp37m-manylinux_2_17_s390x.manylinux2014_s390x.whl", hash = "sha256:cc5a8e069b9ebfa22e26d0e6b97d6f9781302fe7f4f2b8776c3e1daea35f1adc"},
    {file = "cffi-1.14.5-cp37-cp37m-win32.whl", hash = "sha256:9ff227395193126d82e60319a673a037d5de84633f11279e336f9c0f189ecc62"},
    {file = "cffi-1.14.5-cp37-cp37m-win_amd64.whl", hash = "sha256:9cf8022fb8d07a97c178b02327b284521c7708d7c71a9c9c355c178ac4bbd3d4"},
    {file = "cffi-1.14.5-cp38-cp38-macosx_10_9_x86_64.whl", hash = "sha256:8b198cec6c72df5289c05b05b8b0969819783f9418e0409865dac47288d2a053"},
    {file = "cffi-1.14.5-cp38-cp38-manylinux1_i686.whl", hash = "sha256:ad17025d226ee5beec591b52800c11680fca3df50b8b29fe51d882576e039ee0"},
    {file = "cffi-1.14.5-cp38-cp38-manylinux1_x86_64.whl", hash = "sha256:6c97d7350133666fbb5cf4abdc1178c812cb205dc6f41d174a7b0f18fb93337e"},
    {file = "cffi-1.14.5-cp38-cp38-manylinux2014_aarch64.whl", hash = "sha256:8ae6299f6c68de06f136f1f9e69458eae58f1dacf10af5c17353eae03aa0d827"},
    {file = "cffi-1.14.5-cp38-cp38-manylinux_2_17_aarch64.manylinux2014_aarch64.whl", hash = "sha256:04c468b622ed31d408fea2346bec5bbffba2cc44226302a0de1ade9f5ea3d373"},
    {file = "cffi-1.14.5-cp38-cp38-manylinux_2_17_ppc64le.manylinux2014_ppc64le.whl", hash = "sha256:06db6321b7a68b2bd6df96d08a5adadc1fa0e8f419226e25b2a5fbf6ccc7350f"},
    {file = "cffi-1.14.5-cp38-cp38-manylinux_2_17_s390x.manylinux2014_s390x.whl", hash = "sha256:293e7ea41280cb28c6fcaaa0b1aa1f533b8ce060b9e701d78511e1e6c4a1de76"},
    {file = "cffi-1.14.5-cp38-cp38-win32.whl", hash = "sha256:b85eb46a81787c50650f2392b9b4ef23e1f126313b9e0e9013b35c15e4288e2e"},
    {file = "cffi-1.14.5-cp38-cp38-win_amd64.whl", hash = "sha256:1f436816fc868b098b0d63b8920de7d208c90a67212546d02f84fe78a9c26396"},
    {file = "cffi-1.14.5-cp39-cp39-macosx_10_9_x86_64.whl", hash = "sha256:1071534bbbf8cbb31b498d5d9db0f274f2f7a865adca4ae429e147ba40f73dea"},
    {file = "cffi-1.14.5-cp39-cp39-manylinux1_i686.whl", hash = "sha256:9de2e279153a443c656f2defd67769e6d1e4163952b3c622dcea5b08a6405322"},
    {file = "cffi-1.14.5-cp39-cp39-manylinux1_x86_64.whl", hash = "sha256:6e4714cc64f474e4d6e37cfff31a814b509a35cb17de4fb1999907575684479c"},
    {file = "cffi-1.14.5-cp39-cp39-manylinux2014_aarch64.whl", hash = "sha256:158d0d15119b4b7ff6b926536763dc0714313aa59e320ddf787502c70c4d4bee"},
    {file = "cffi-1.14.5-cp39-cp39-manylinux_2_17_aarch64.manylinux2014_aarch64.whl", hash = "sha256:1bf1ac1984eaa7675ca8d5745a8cb87ef7abecb5592178406e55858d411eadc0"},
    {file = "cffi-1.14.5-cp39-cp39-manylinux_2_17_ppc64le.manylinux2014_ppc64le.whl", hash = "sha256:df5052c5d867c1ea0b311fb7c3cd28b19df469c056f7fdcfe88c7473aa63e333"},
    {file = "cffi-1.14.5-cp39-cp39-manylinux_2_17_s390x.manylinux2014_s390x.whl", hash = "sha256:24a570cd11895b60829e941f2613a4f79df1a27344cbbb82164ef2e0116f09c7"},
    {file = "cffi-1.14.5-cp39-cp39-win32.whl", hash = "sha256:afb29c1ba2e5a3736f1c301d9d0abe3ec8b86957d04ddfa9d7a6a42b9367e396"},
    {file = "cffi-1.14.5-cp39-cp39-win_amd64.whl", hash = "sha256:f2d45f97ab6bb54753eab54fffe75aaf3de4ff2341c9daee1987ee1837636f1d"},
    {file = "cffi-1.14.5.tar.gz", hash = "sha256:fd78e5fee591709f32ef6edb9a015b4aa1a5022598e36227500c8f4e02328d9c"},
]

[package.dependencies]
pycparser = "*"

[[package]]
name = "charset-normalizer"
version = "2.0.12"
description = "The Real First Universal Charset Detector. Open, modern and actively maintained alternative to Chardet."
category = "main"
optional = false
python-versions = ">=3.5.0"
files = [
    {file = "charset-normalizer-2.0.12.tar.gz", hash = "sha256:2857e29ff0d34db842cd7ca3230549d1a697f96ee6d3fb071cfa6c7393832597"},
    {file = "charset_normalizer-2.0.12-py3-none-any.whl", hash = "sha256:6881edbebdb17b39b4eaaa821b438bf6eddffb4468cf344f09f89def34a8b1df"},
]

[package.extras]
unicode-backport = ["unicodedata2"]

[[package]]
name = "click"
version = "8.1.2"
description = "Composable command line interface toolkit"
category = "main"
optional = false
python-versions = ">=3.7"
files = [
    {file = "click-8.1.2-py3-none-any.whl", hash = "sha256:24e1a4a9ec5bf6299411369b208c1df2188d9eb8d916302fe6bf03faed227f1e"},
    {file = "click-8.1.2.tar.gz", hash = "sha256:479707fe14d9ec9a0757618b7a100a0ae4c4e236fac5b7f80ca68028141a1a72"},
]

[package.dependencies]
colorama = {version = "*", markers = "platform_system == \"Windows\""}
importlib-metadata = {version = "*", markers = "python_version < \"3.8\""}

[[package]]
name = "colorama"
version = "0.3.9"
description = "Cross-platform colored terminal text."
category = "main"
optional = false
python-versions = "*"
files = [
    {file = "colorama-0.3.9-py2.py3-none-any.whl", hash = "sha256:463f8483208e921368c9f306094eb6f725c6ca42b0f97e313cb5d5512459feda"},
    {file = "colorama-0.3.9.tar.gz", hash = "sha256:48eb22f4f8461b1df5734a074b57042430fb06e1d61bd1e11b078c0fe6d7a1f1"},
]

[[package]]
name = "commonmark"
version = "0.9.1"
description = "Python parser for the CommonMark Markdown spec"
category = "main"
optional = false
python-versions = "*"
files = [
    {file = "commonmark-0.9.1-py2.py3-none-any.whl", hash = "sha256:da2f38c92590f83de410ba1a3cbceafbc74fee9def35f9251ba9a971d6d66fd9"},
    {file = "commonmark-0.9.1.tar.gz", hash = "sha256:452f9dc859be7f06631ddcb328b6919c67984aca654e5fefb3914d54691aed60"},
]

[package.extras]
test = ["flake8 (==3.7.8)", "hypothesis (==3.55.3)"]

[[package]]
name = "cryptography"
version = "39.0.1"
description = "cryptography is a package which provides cryptographic recipes and primitives to Python developers."
category = "main"
optional = false
python-versions = ">=3.6"
files = [
    {file = "cryptography-39.0.1-cp36-abi3-macosx_10_12_universal2.whl", hash = "sha256:6687ef6d0a6497e2b58e7c5b852b53f62142cfa7cd1555795758934da363a965"},
    {file = "cryptography-39.0.1-cp36-abi3-macosx_10_12_x86_64.whl", hash = "sha256:706843b48f9a3f9b9911979761c91541e3d90db1ca905fd63fee540a217698bc"},
    {file = "cryptography-39.0.1-cp36-abi3-manylinux_2_17_aarch64.manylinux2014_aarch64.manylinux_2_24_aarch64.whl", hash = "sha256:5d2d8b87a490bfcd407ed9d49093793d0f75198a35e6eb1a923ce1ee86c62b41"},
    {file = "cryptography-39.0.1-cp36-abi3-manylinux_2_17_aarch64.manylinux2014_aarch64.whl", hash = "sha256:83e17b26de248c33f3acffb922748151d71827d6021d98c70e6c1a25ddd78505"},
    {file = "cryptography-39.0.1-cp36-abi3-manylinux_2_17_x86_64.manylinux2014_x86_64.whl", hash = "sha256:e124352fd3db36a9d4a21c1aa27fd5d051e621845cb87fb851c08f4f75ce8be6"},
    {file = "cryptography-39.0.1-cp36-abi3-manylinux_2_24_x86_64.whl", hash = "sha256:5aa67414fcdfa22cf052e640cb5ddc461924a045cacf325cd164e65312d99502"},
    {file = "cryptography-39.0.1-cp36-abi3-manylinux_2_28_aarch64.whl", hash = "sha256:35f7c7d015d474f4011e859e93e789c87d21f6f4880ebdc29896a60403328f1f"},
    {file = "cryptography-39.0.1-cp36-abi3-manylinux_2_28_x86_64.whl", hash = "sha256:f24077a3b5298a5a06a8e0536e3ea9ec60e4c7ac486755e5fb6e6ea9b3500106"},
    {file = "cryptography-39.0.1-cp36-abi3-musllinux_1_1_aarch64.whl", hash = "sha256:f0c64d1bd842ca2633e74a1a28033d139368ad959872533b1bab8c80e8240a0c"},
    {file = "cryptography-39.0.1-cp36-abi3-musllinux_1_1_x86_64.whl", hash = "sha256:0f8da300b5c8af9f98111ffd512910bc792b4c77392a9523624680f7956a99d4"},
    {file = "cryptography-39.0.1-cp36-abi3-win32.whl", hash = "sha256:fe913f20024eb2cb2f323e42a64bdf2911bb9738a15dba7d3cce48151034e3a8"},
    {file = "cryptography-39.0.1-cp36-abi3-win_amd64.whl", hash = "sha256:ced4e447ae29ca194449a3f1ce132ded8fcab06971ef5f618605aacaa612beac"},
    {file = "cryptography-39.0.1-pp38-pypy38_pp73-macosx_10_12_x86_64.whl", hash = "sha256:807ce09d4434881ca3a7594733669bd834f5b2c6d5c7e36f8c00f691887042ad"},
    {file = "cryptography-39.0.1-pp38-pypy38_pp73-win_amd64.whl", hash = "sha256:96f1157a7c08b5b189b16b47bc9db2332269d6680a196341bf30046330d15388"},
    {file = "cryptography-39.0.1-pp39-pypy39_pp73-macosx_10_12_x86_64.whl", hash = "sha256:e422abdec8b5fa8462aa016786680720d78bdce7a30c652b7fadf83a4ba35336"},
    {file = "cryptography-39.0.1-pp39-pypy39_pp73-manylinux_2_17_aarch64.manylinux2014_aarch64.manylinux_2_24_aarch64.whl", hash = "sha256:b0afd054cd42f3d213bf82c629efb1ee5f22eba35bf0eec88ea9ea7304f511a2"},
    {file = "cryptography-39.0.1-pp39-pypy39_pp73-manylinux_2_24_x86_64.whl", hash = "sha256:6f8ba7f0328b79f08bdacc3e4e66fb4d7aab0c3584e0bd41328dce5262e26b2e"},
    {file = "cryptography-39.0.1-pp39-pypy39_pp73-manylinux_2_28_aarch64.whl", hash = "sha256:ef8b72fa70b348724ff1218267e7f7375b8de4e8194d1636ee60510aae104cd0"},
    {file = "cryptography-39.0.1-pp39-pypy39_pp73-manylinux_2_28_x86_64.whl", hash = "sha256:aec5a6c9864be7df2240c382740fcf3b96928c46604eaa7f3091f58b878c0bb6"},
    {file = "cryptography-39.0.1-pp39-pypy39_pp73-win_amd64.whl", hash = "sha256:fdd188c8a6ef8769f148f88f859884507b954cc64db6b52f66ef199bb9ad660a"},
    {file = "cryptography-39.0.1.tar.gz", hash = "sha256:d1f6198ee6d9148405e49887803907fe8962a23e6c6f83ea7d98f1c0de375695"},
]

[package.dependencies]
cffi = ">=1.12"

[package.extras]
docs = ["sphinx (>=5.3.0)", "sphinx-rtd-theme (>=1.1.1)"]
docstest = ["pyenchant (>=1.6.11)", "sphinxcontrib-spelling (>=4.0.1)", "twine (>=1.12.0)"]
pep8test = ["black", "check-manifest", "mypy", "ruff", "types-pytz", "types-requests"]
sdist = ["setuptools-rust (>=0.11.4)"]
ssh = ["bcrypt (>=3.1.5)"]
test = ["hypothesis (>=1.11.4,!=3.79.2)", "iso8601", "pretend", "pytest (>=6.2.0)", "pytest-benchmark", "pytest-cov", "pytest-shard (>=0.1.2)", "pytest-subtests", "pytest-xdist", "pytz"]
test-randomorder = ["pytest-randomly"]
tox = ["tox"]

[[package]]
name = "cython"
version = "0.29.28"
description = "The Cython compiler for writing C extensions for the Python language."
category = "main"
optional = false
python-versions = ">=2.6, !=3.0.*, !=3.1.*, !=3.2.*"
files = [
    {file = "Cython-0.29.28-cp27-cp27m-manylinux_2_5_i686.manylinux1_i686.whl", hash = "sha256:75686c586e37b1fed0fe4a2c053474f96fc07da0063bbfc98023454540515d31"},
    {file = "Cython-0.29.28-cp27-cp27m-manylinux_2_5_x86_64.manylinux1_x86_64.whl", hash = "sha256:16f2e74fcac223c53e298ecead62c353d3cffa107bea5d8232e4b2ba40781634"},
    {file = "Cython-0.29.28-cp27-cp27mu-manylinux_2_5_i686.manylinux1_i686.whl", hash = "sha256:b6c77cc24861a33714e74212abfab4e54bf42e1ad602623f193b8e369389af2f"},
    {file = "Cython-0.29.28-cp27-cp27mu-manylinux_2_5_x86_64.manylinux1_x86_64.whl", hash = "sha256:59f4e86b415620a097cf0ec602adf5a7ee3cc33e8220567ded96566f753483f8"},
    {file = "Cython-0.29.28-cp310-cp310-manylinux_2_17_aarch64.manylinux2014_aarch64.manylinux_2_24_aarch64.whl", hash = "sha256:31465dce7fd3f058d02afb98b13af962848cc607052388814428dc801cc26f57"},
    {file = "Cython-0.29.28-cp310-cp310-manylinux_2_17_x86_64.manylinux2014_x86_64.manylinux_2_24_x86_64.whl", hash = "sha256:5658fa477e80d96c49d5ff011938dd4b62da9aa428f771b91f1a7c49af45aad8"},
    {file = "Cython-0.29.28-cp310-cp310-manylinux_2_5_i686.manylinux1_i686.manylinux_2_24_i686.whl", hash = "sha256:33b69ac9bbf2b93d8cae336cfe48889397a857e6ceeb5cef0b2f0b31b6c54f2b"},
    {file = "Cython-0.29.28-cp310-cp310-musllinux_1_1_x86_64.whl", hash = "sha256:9d39ee7ddef6856413f950b8959e852d83376d9db1c509505e3f4873df32aa70"},
    {file = "Cython-0.29.28-cp35-cp35m-manylinux_2_5_i686.manylinux1_i686.whl", hash = "sha256:c9848a423a14e8f51bd4bbf8e2ff37031764ce66bdc7c6bc06c70d4084eb23c7"},
    {file = "Cython-0.29.28-cp35-cp35m-manylinux_2_5_x86_64.manylinux1_x86_64.whl", hash = "sha256:09448aadb818387160ca4d1e1b82dbb7001526b6d0bed7529c4e8ac12e3b6f4c"},
    {file = "Cython-0.29.28-cp36-cp36m-manylinux_2_17_aarch64.manylinux2014_aarch64.manylinux_2_24_aarch64.whl", hash = "sha256:341917bdb2c95bcf8322aacfe50bbe6b4794880b16fa8b2300330520e123a5e5"},
    {file = "Cython-0.29.28-cp36-cp36m-manylinux_2_17_x86_64.manylinux2014_x86_64.manylinux_2_24_x86_64.whl", hash = "sha256:fdcef7abb09fd827691e3abe6fd42c6c34beaccfa0bc2df6074f0a49949df6a8"},
    {file = "Cython-0.29.28-cp36-cp36m-manylinux_2_5_i686.manylinux1_i686.manylinux_2_24_i686.whl", hash = "sha256:43eca77169f855dd04be11921a585c8854a174f30bc925257e92bc7b9197fbd2"},
    {file = "Cython-0.29.28-cp36-cp36m-manylinux_2_5_i686.manylinux1_i686.whl", hash = "sha256:7962a78ceb80cdec21345fb5088e675060fa65982030d446069f2d675d30e3cd"},
    {file = "Cython-0.29.28-cp36-cp36m-manylinux_2_5_x86_64.manylinux1_x86_64.whl", hash = "sha256:ed32c206e1d68056a34b21d2ec0cf0f23d338d6531476a68c73e21e20bd7bb63"},
    {file = "Cython-0.29.28-cp36-cp36m-musllinux_1_1_x86_64.whl", hash = "sha256:a0ed39c63ba52edd03a39ea9d6da6f5326aaee5d333c317feba543270a1b3af5"},
    {file = "Cython-0.29.28-cp37-cp37m-manylinux_2_17_aarch64.manylinux2014_aarch64.manylinux_2_24_aarch64.whl", hash = "sha256:ded4fd3da4dee2f4414c35214244e29befa7f6fede3e9be317e765169df2cbc7"},
    {file = "Cython-0.29.28-cp37-cp37m-manylinux_2_17_x86_64.manylinux2014_x86_64.manylinux_2_24_x86_64.whl", hash = "sha256:e24bd94946ffa37f30fcb865f2340fb6d429a3c7bf87b47b22f7d22e0e68a15c"},
    {file = "Cython-0.29.28-cp37-cp37m-manylinux_2_5_i686.manylinux1_i686.manylinux_2_24_i686.whl", hash = "sha256:076aa8da83383e2bed0ca5f92c13a7e76e684bc41fe8e438bbed735f5b1c2731"},
    {file = "Cython-0.29.28-cp37-cp37m-manylinux_2_5_i686.manylinux1_i686.whl", hash = "sha256:004387d8b94c64681ee05660d6a234e125396097726cf2f419c0fa2ac38034d6"},
    {file = "Cython-0.29.28-cp37-cp37m-manylinux_2_5_x86_64.manylinux1_x86_64.whl", hash = "sha256:d6036f6a5a0c7fb1af88889872268b15bf20dd9cefe33a6602d79ba18b8db20f"},
    {file = "Cython-0.29.28-cp37-cp37m-musllinux_1_1_x86_64.whl", hash = "sha256:1612d7439590ba3b8de5f907bf0e54bd8e024eafb8c59261531a7988030c182d"},
    {file = "Cython-0.29.28-cp38-cp38-manylinux_2_17_aarch64.manylinux2014_aarch64.manylinux_2_24_aarch64.whl", hash = "sha256:d7d7beb600d5dd551e9322e1393b74286f4a3d4aa387f7bfbaccc1495a98603b"},
    {file = "Cython-0.29.28-cp38-cp38-manylinux_2_17_x86_64.manylinux2014_x86_64.manylinux_2_24_x86_64.whl", hash = "sha256:5e82f6b3dc2133b2e0e2c5c63d352d40a695e40cc7ed99f4cbe83334bcf9ab39"},
    {file = "Cython-0.29.28-cp38-cp38-manylinux_2_5_i686.manylinux1_i686.manylinux_2_24_i686.whl", hash = "sha256:49076747b731ed78acf203666c3b3c5d664754ea01ca4527f62f6d8675703688"},
    {file = "Cython-0.29.28-cp38-cp38-manylinux_2_5_i686.manylinux1_i686.whl", hash = "sha256:9f2b7c86a73db0d8dbbd885fe67f04c7b787df37a3848b9867270d3484101fbd"},
    {file = "Cython-0.29.28-cp38-cp38-manylinux_2_5_x86_64.manylinux1_x86_64.whl", hash = "sha256:a3b27812ac9e9737026bfbb1dd47434f3e84013f430bafe1c6cbaf1cd51b5518"},
    {file = "Cython-0.29.28-cp38-cp38-musllinux_1_1_x86_64.whl", hash = "sha256:0378a14d2580dcea234d7a2dc8d75f60c091105885096e6dd5b032be97542c16"},
    {file = "Cython-0.29.28-cp39-cp39-manylinux_2_17_aarch64.manylinux2014_aarch64.manylinux_2_24_aarch64.whl", hash = "sha256:d7c98727397c2547a56aa0c3c98140f1873c69a0642edc9446c6c870d0d8a5b5"},
    {file = "Cython-0.29.28-cp39-cp39-manylinux_2_17_x86_64.manylinux2014_x86_64.manylinux_2_24_x86_64.whl", hash = "sha256:6626f9691ce2093ccbcc9932f449efe3b6e1c893b556910881d177c61612e8ff"},
    {file = "Cython-0.29.28-cp39-cp39-manylinux_2_5_i686.manylinux1_i686.manylinux_2_24_i686.whl", hash = "sha256:e9cc6af0c9c477c5e175e807dce439509934efefc24ea2da9fced7fbc8170591"},
    {file = "Cython-0.29.28-cp39-cp39-manylinux_2_5_i686.manylinux1_i686.whl", hash = "sha256:05edfa51c0ff31a8df3cb291b90ca93ab499686d023b9b81c216cd3509f73def"},
    {file = "Cython-0.29.28-cp39-cp39-manylinux_2_5_x86_64.manylinux1_x86_64.whl", hash = "sha256:4b3089255b6b1cc69e4b854626a41193e6acae5332263d24707976b3cb8ca644"},
    {file = "Cython-0.29.28-cp39-cp39-musllinux_1_1_x86_64.whl", hash = "sha256:03b749e4f0bbf631cee472add2806d338a7d496f8383f6fb28cc5fdc34b7fdb8"},
    {file = "Cython-0.29.28-py2.py3-none-any.whl", hash = "sha256:26d8d0ededca42be50e0ac377c08408e18802b1391caa3aea045a72c1bff47ac"},
    {file = "Cython-0.29.28.tar.gz", hash = "sha256:d6fac2342802c30e51426828fe084ff4deb1b3387367cf98976bb2e64b6f8e45"},
]

[[package]]
name = "github3.py"
version = "3.2.0"
description = "Python wrapper for the GitHub API(http://developer.github.com/v3)"
category = "main"
optional = false
python-versions = ">=3.6"
files = [
    {file = "github3.py-3.2.0-py2.py3-none-any.whl", hash = "sha256:a9016e40609c6f5cb9954dd188d08257dafd09c4da8c0e830a033fca00054b0d"},
    {file = "github3.py-3.2.0.tar.gz", hash = "sha256:09b72be1497d346b0968cde8360a0d6af79dc206d0149a63cd3ec86c65c377cc"},
]

[package.dependencies]
PyJWT = {version = ">=2.3.0", extras = ["crypto"]}
python-dateutil = ">=2.6.0"
requests = ">=2.18"
uritemplate = ">=3.0.0"

[[package]]
name = "halo"
version = "0.0.31"
description = "Beautiful terminal spinners in Python"
category = "main"
optional = false
python-versions = ">=3.4"
files = [
    {file = "halo-0.0.31-py2-none-any.whl", hash = "sha256:5350488fb7d2aa7c31a1344120cee67a872901ce8858f60da7946cef96c208ab"},
    {file = "halo-0.0.31.tar.gz", hash = "sha256:7b67a3521ee91d53b7152d4ee3452811e1d2a6321975137762eb3d70063cc9d6"},
]

[package.dependencies]
colorama = ">=0.3.9"
log-symbols = ">=0.0.14"
six = ">=1.12.0"
spinners = ">=0.0.24"
termcolor = ">=1.1.0"

[package.extras]
ipython = ["IPython (==5.7.0)", "ipywidgets (==7.1.0)"]

[[package]]
name = "idna"
version = "2.10"
description = "Internationalized Domain Names in Applications (IDNA)"
category = "main"
optional = false
python-versions = ">=2.7, !=3.0.*, !=3.1.*, !=3.2.*, !=3.3.*"
files = [
    {file = "idna-2.10-py2.py3-none-any.whl", hash = "sha256:b97d804b1e9b523befed77c48dacec60e6dcb0b5391d57af6a65a312a90648c0"},
    {file = "idna-2.10.tar.gz", hash = "sha256:b307872f855b18632ce0c21c5e45be78c0ea7ae4c15c828c20788b26921eb3f6"},
]

[[package]]
name = "importlib-metadata"
version = "4.11.3"
description = "Read metadata from Python packages"
category = "main"
optional = false
python-versions = ">=3.7"
files = [
    {file = "importlib_metadata-4.11.3-py3-none-any.whl", hash = "sha256:1208431ca90a8cca1a6b8af391bb53c1a2db74e5d1cef6ddced95d4b2062edc6"},
    {file = "importlib_metadata-4.11.3.tar.gz", hash = "sha256:ea4c597ebf37142f827b8f39299579e31685c31d3a438b59f469406afd0f2539"},
]

[package.dependencies]
typing-extensions = {version = ">=3.6.4", markers = "python_version < \"3.8\""}
zipp = ">=0.5"

[package.extras]
docs = ["jaraco.packaging (>=9)", "rst.linker (>=1.9)", "sphinx"]
perf = ["ipython"]
testing = ["flufl.flake8", "importlib-resources (>=1.3)", "packaging", "pyfakefs", "pytest (>=6)", "pytest-black (>=0.3.7)", "pytest-checkdocs (>=2.4)", "pytest-cov", "pytest-enabler (>=1.0.1)", "pytest-flake8", "pytest-mypy (>=0.9.1)", "pytest-perf (>=0.9.2)"]

[[package]]
name = "lockfile"
version = "0.12.2"
description = "Platform-independent file locking module"
category = "main"
optional = false
python-versions = "*"
files = [
    {file = "lockfile-0.12.2-py2.py3-none-any.whl", hash = "sha256:6c3cb24f344923d30b2785d5ad75182c8ea7ac1b6171b08657258ec7429d50fa"},
    {file = "lockfile-0.12.2.tar.gz", hash = "sha256:6aed02de03cba24efabcd600b30540140634fc06cfa603822d508d5361e9f799"},
]

[[package]]
name = "log-symbols"
version = "0.0.14"
description = "Colored symbols for various log levels for Python"
category = "main"
optional = false
python-versions = "*"
files = [
    {file = "log_symbols-0.0.14-py3-none-any.whl", hash = "sha256:4952106ff8b605ab7d5081dd2c7e6ca7374584eff7086f499c06edd1ce56dcca"},
    {file = "log_symbols-0.0.14.tar.gz", hash = "sha256:cf0bbc6fe1a8e53f0d174a716bc625c4f87043cc21eb55dd8a740cfe22680556"},
]

[package.dependencies]
colorama = ">=0.3.9"

[[package]]
name = "msgpack"
version = "1.0.2"
description = "MessagePack (de)serializer."
category = "main"
optional = false
python-versions = "*"
files = [
    {file = "msgpack-1.0.2-cp35-cp35m-manylinux1_i686.whl", hash = "sha256:b6d9e2dae081aa35c44af9c4298de4ee72991305503442a5c74656d82b581fe9"},
    {file = "msgpack-1.0.2-cp35-cp35m-manylinux1_x86_64.whl", hash = "sha256:a99b144475230982aee16b3d249170f1cccebf27fb0a08e9f603b69637a62192"},
    {file = "msgpack-1.0.2-cp35-cp35m-manylinux2014_aarch64.whl", hash = "sha256:1026dcc10537d27dd2d26c327e552f05ce148977e9d7b9f1718748281b38c841"},
    {file = "msgpack-1.0.2-cp36-cp36m-macosx_10_14_x86_64.whl", hash = "sha256:fe07bc6735d08e492a327f496b7850e98cb4d112c56df69b0c844dbebcbb47f6"},
    {file = "msgpack-1.0.2-cp36-cp36m-manylinux1_i686.whl", hash = "sha256:9ea52fff0473f9f3000987f313310208c879493491ef3ccf66268eff8d5a0326"},
    {file = "msgpack-1.0.2-cp36-cp36m-manylinux1_x86_64.whl", hash = "sha256:26a1759f1a88df5f1d0b393eb582ec022326994e311ba9c5818adc5374736439"},
    {file = "msgpack-1.0.2-cp36-cp36m-manylinux2014_aarch64.whl", hash = "sha256:497d2c12426adcd27ab83144057a705efb6acc7e85957a51d43cdcf7f258900f"},
    {file = "msgpack-1.0.2-cp36-cp36m-win32.whl", hash = "sha256:e89ec55871ed5473a041c0495b7b4e6099f6263438e0bd04ccd8418f92d5d7f2"},
    {file = "msgpack-1.0.2-cp36-cp36m-win_amd64.whl", hash = "sha256:a4355d2193106c7aa77c98fc955252a737d8550320ecdb2e9ac701e15e2943bc"},
    {file = "msgpack-1.0.2-cp37-cp37m-macosx_10_14_x86_64.whl", hash = "sha256:d6c64601af8f3893d17ec233237030e3110f11b8a962cb66720bf70c0141aa54"},
    {file = "msgpack-1.0.2-cp37-cp37m-manylinux1_i686.whl", hash = "sha256:f484cd2dca68502de3704f056fa9b318c94b1539ed17a4c784266df5d6978c87"},
    {file = "msgpack-1.0.2-cp37-cp37m-manylinux1_x86_64.whl", hash = "sha256:f3e6aaf217ac1c7ce1563cf52a2f4f5d5b1f64e8729d794165db71da57257f0c"},
    {file = "msgpack-1.0.2-cp37-cp37m-manylinux2014_aarch64.whl", hash = "sha256:8521e5be9e3b93d4d5e07cb80b7e32353264d143c1f072309e1863174c6aadb1"},
    {file = "msgpack-1.0.2-cp37-cp37m-win32.whl", hash = "sha256:31c17bbf2ae5e29e48d794c693b7ca7a0c73bd4280976d408c53df421e838d2a"},
    {file = "msgpack-1.0.2-cp37-cp37m-win_amd64.whl", hash = "sha256:8ffb24a3b7518e843cd83538cf859e026d24ec41ac5721c18ed0c55101f9775b"},
    {file = "msgpack-1.0.2-cp38-cp38-macosx_10_14_x86_64.whl", hash = "sha256:b28c0876cce1466d7c2195d7658cf50e4730667196e2f1355c4209444717ee06"},
    {file = "msgpack-1.0.2-cp38-cp38-manylinux1_i686.whl", hash = "sha256:87869ba567fe371c4555d2e11e4948778ab6b59d6cc9d8460d543e4cfbbddd1c"},
    {file = "msgpack-1.0.2-cp38-cp38-manylinux1_x86_64.whl", hash = "sha256:b55f7db883530b74c857e50e149126b91bb75d35c08b28db12dcb0346f15e46e"},
    {file = "msgpack-1.0.2-cp38-cp38-manylinux2014_aarch64.whl", hash = "sha256:ac25f3e0513f6673e8b405c3a80500eb7be1cf8f57584be524c4fa78fe8e0c83"},
    {file = "msgpack-1.0.2-cp38-cp38-win32.whl", hash = "sha256:0cb94ee48675a45d3b86e61d13c1e6f1696f0183f0715544976356ff86f741d9"},
    {file = "msgpack-1.0.2-cp38-cp38-win_amd64.whl", hash = "sha256:e36a812ef4705a291cdb4a2fd352f013134f26c6ff63477f20235138d1d21009"},
    {file = "msgpack-1.0.2-cp39-cp39-macosx_10_14_x86_64.whl", hash = "sha256:2a5866bdc88d77f6e1370f82f2371c9bc6fc92fe898fa2dec0c5d4f5435a2694"},
    {file = "msgpack-1.0.2-cp39-cp39-manylinux1_i686.whl", hash = "sha256:92be4b12de4806d3c36810b0fe2aeedd8d493db39e2eb90742b9c09299eb5759"},
    {file = "msgpack-1.0.2-cp39-cp39-manylinux1_x86_64.whl", hash = "sha256:de6bd7990a2c2dabe926b7e62a92886ccbf809425c347ae7de277067f97c2887"},
    {file = "msgpack-1.0.2-cp39-cp39-manylinux2014_aarch64.whl", hash = "sha256:5a9ee2540c78659a1dd0b110f73773533ee3108d4e1219b5a15a8d635b7aca0e"},
    {file = "msgpack-1.0.2-cp39-cp39-win32.whl", hash = "sha256:c747c0cc08bd6d72a586310bda6ea72eeb28e7505990f342552315b229a19b33"},
    {file = "msgpack-1.0.2-cp39-cp39-win_amd64.whl", hash = "sha256:d8167b84af26654c1124857d71650404336f4eb5cc06900667a493fc619ddd9f"},
    {file = "msgpack-1.0.2.tar.gz", hash = "sha256:fae04496f5bc150eefad4e9571d1a76c55d021325dcd484ce45065ebbdd00984"},
]

[[package]]
name = "packaging"
version = "21.3"
description = "Core utilities for Python packages"
category = "main"
optional = false
python-versions = ">=3.6"
files = [
    {file = "packaging-21.3-py3-none-any.whl", hash = "sha256:ef103e05f519cdc783ae24ea4e2e0f508a9c99b2d4969652eed6a2e1ea5bd522"},
    {file = "packaging-21.3.tar.gz", hash = "sha256:dd47c42927d89ab911e606518907cc2d3a1f38bbd026385970643f9c5b8ecfeb"},
]

[package.dependencies]
pyparsing = ">=2.0.2,<3.0.5 || >3.0.5"

[[package]]
name = "pipdate"
version = "0.5.6"
description = "Update all pip-installed packages"
category = "main"
optional = false
python-versions = ">=3.7"
files = [
    {file = "pipdate-0.5.6-py3-none-any.whl", hash = "sha256:9cb4eec6fd4a0f3b00cb053bf095654b381207e4b7f0511e7e531a33ac30c904"},
    {file = "pipdate-0.5.6.tar.gz", hash = "sha256:1b6b7ec2c5468fb7036ec9d6b2ced7a8a538db55aaca03f30199216d3bbd264b"},
]

[package.dependencies]
appdirs = "*"
packaging = "*"
requests = "*"
rich = "*"
setuptools = "*"

[[package]]
name = "pycparser"
version = "2.20"
description = "C parser in Python"
category = "main"
optional = false
python-versions = ">=2.7, !=3.0.*, !=3.1.*, !=3.2.*, !=3.3.*"
files = [
    {file = "pycparser-2.20-py2.py3-none-any.whl", hash = "sha256:7582ad22678f0fcd81102833f60ef8d0e57288b6b5fb00323d101be910e35705"},
    {file = "pycparser-2.20.tar.gz", hash = "sha256:2d475327684562c3a96cc71adf7dc8c4f0565175cf86b6d7a404ff4c771f15f0"},
]

[[package]]
name = "pygments"
version = "2.11.2"
description = "Pygments is a syntax highlighting package written in Python."
category = "main"
optional = false
python-versions = ">=3.5"
files = [
    {file = "Pygments-2.11.2-py3-none-any.whl", hash = "sha256:44238f1b60a76d78fc8ca0528ee429702aae011c265fe6a8dd8b63049ae41c65"},
    {file = "Pygments-2.11.2.tar.gz", hash = "sha256:4e426f72023d88d03b2fa258de560726ce890ff3b630f88c21cbb8b2503b8c6a"},
]

[[package]]
name = "pyjwt"
version = "2.3.0"
description = "JSON Web Token implementation in Python"
category = "main"
optional = false
python-versions = ">=3.6"
files = [
    {file = "PyJWT-2.3.0-py3-none-any.whl", hash = "sha256:e0c4bb8d9f0af0c7f5b1ec4c5036309617d03d56932877f2f7a0beeb5318322f"},
    {file = "PyJWT-2.3.0.tar.gz", hash = "sha256:b888b4d56f06f6dcd777210c334e69c737be74755d3e5e9ee3fe67dc18a0ee41"},
]

[package.dependencies]
cryptography = {version = ">=3.3.1", optional = true, markers = "extra == \"crypto\""}

[package.extras]
crypto = ["cryptography (>=3.3.1)"]
dev = ["coverage[toml] (==5.0.4)", "cryptography (>=3.3.1)", "mypy", "pre-commit", "pytest (>=6.0.0,<7.0.0)", "sphinx", "sphinx-rtd-theme", "zope.interface"]
docs = ["sphinx", "sphinx-rtd-theme", "zope.interface"]
tests = ["coverage[toml] (==5.0.4)", "pytest (>=6.0.0,<7.0.0)"]

[[package]]
name = "pyparsing"
version = "3.0.8"
description = "pyparsing module - Classes and methods to define and execute parsing grammars"
category = "main"
optional = false
python-versions = ">=3.6.8"
files = [
    {file = "pyparsing-3.0.8-py3-none-any.whl", hash = "sha256:ef7b523f6356f763771559412c0d7134753f037822dad1b16945b7b846f7ad06"},
    {file = "pyparsing-3.0.8.tar.gz", hash = "sha256:7bf433498c016c4314268d95df76c81b842a4cb2b276fa3312cfb1e1d85f6954"},
]

[package.extras]
diagrams = ["jinja2", "railroad-diagrams"]

[[package]]
name = "pysnooper"
version = "0.3.0"
description = "A poor man's debugger for Python."
category = "dev"
optional = false
python-versions = "*"
files = [
    {file = "PySnooper-0.3.0-py2.py3-none-any.whl", hash = "sha256:85892ef6f4009af7d729e73c7b9e4071a16d5063b1ac9340741c5f192501441b"},
    {file = "PySnooper-0.3.0.tar.gz", hash = "sha256:7d7684d9d5cf1d026bba6a52e87009eab9458d3265b13059ab1abaea7eee6c93"},
]

[package.extras]
tests = ["pytest"]

[[package]]
name = "python-dateutil"
version = "2.8.1"
description = "Extensions to the standard Python datetime module"
category = "main"
optional = false
python-versions = "!=3.0.*,!=3.1.*,!=3.2.*,>=2.7"
files = [
    {file = "python-dateutil-2.8.1.tar.gz", hash = "sha256:73ebfe9dbf22e832286dafa60473e4cd239f8592f699aa5adaf10050e6e1823c"},
    {file = "python_dateutil-2.8.1-py2.py3-none-any.whl", hash = "sha256:75bb3f31ea686f1197762692a9ee6a7550b59fc6ca3a1f4b5d7e32fb98e2da2a"},
]

[package.dependencies]
six = ">=1.5"

[[package]]
name = "requests"
version = "2.27.1"
description = "Python HTTP for Humans."
category = "main"
optional = false
python-versions = ">=2.7, !=3.0.*, !=3.1.*, !=3.2.*, !=3.3.*, !=3.4.*, !=3.5.*"
files = [
    {file = "requests-2.27.1-py2.py3-none-any.whl", hash = "sha256:f22fa1e554c9ddfd16e6e41ac79759e17be9e492b3587efa038054674760e72d"},
    {file = "requests-2.27.1.tar.gz", hash = "sha256:68d7c56fd5a8999887728ef304a6d12edc7be74f1cfa47714fc8b414525c9a61"},
]

[package.dependencies]
certifi = ">=2017.4.17"
charset-normalizer = {version = ">=2.0.0,<2.1.0", markers = "python_version >= \"3\""}
idna = {version = ">=2.5,<4", markers = "python_version >= \"3\""}
urllib3 = ">=1.21.1,<1.27"

[package.extras]
socks = ["PySocks (>=1.5.6,!=1.5.7)", "win-inet-pton"]
use-chardet-on-py3 = ["chardet (>=3.0.2,<5)"]

[[package]]
name = "rich"
version = "12.2.0"
description = "Render rich text, tables, progress bars, syntax highlighting, markdown and more to the terminal"
category = "main"
optional = false
python-versions = ">=3.6.3,<4.0.0"
files = [
    {file = "rich-12.2.0-py3-none-any.whl", hash = "sha256:c50f3d253bc6a9bb9c79d61a26d510d74abdf1b16881260fab5edfc3edfb082f"},
    {file = "rich-12.2.0.tar.gz", hash = "sha256:ea74bc9dad9589d8eea3e3fd0b136d8bf6e428888955f215824c2894f0da8b47"},
]

[package.dependencies]
commonmark = ">=0.9.0,<0.10.0"
pygments = ">=2.6.0,<3.0.0"
typing-extensions = {version = ">=4.0.0,<5.0", markers = "python_version < \"3.9\""}

[package.extras]
jupyter = ["ipywidgets (>=7.5.1,<8.0.0)"]

[[package]]
name = "selectolax"
version = "0.3.7"
description = "Fast HTML5 parser with CSS selectors."
category = "main"
optional = false
python-versions = "*"
files = [
    {file = "selectolax-0.3.7-cp310-cp310-macosx_10_9_universal2.whl", hash = "sha256:23aa3beaf18da32fbdb1f07f9938d57a90071453c187f39623bd75e1f5646e43"},
    {file = "selectolax-0.3.7-cp310-cp310-macosx_10_9_x86_64.whl", hash = "sha256:b94d9a15c50e267a16622bd25bc6735c8140ccf66d5118159960b94ad6a8b31e"},
    {file = "selectolax-0.3.7-cp310-cp310-manylinux_2_17_aarch64.manylinux2014_aarch64.whl", hash = "sha256:15d28fdc57c8fd303c2b0004db994c18f904e2bf33d7d8475694db77c24c2ef7"},
    {file = "selectolax-0.3.7-cp310-cp310-manylinux_2_5_i686.manylinux1_i686.manylinux_2_12_i686.manylinux2010_i686.whl", hash = "sha256:ec6df7d10c4a9950e3c25485a034c625181fba6ca1f077da1e11a41c9d6888f7"},
    {file = "selectolax-0.3.7-cp310-cp310-manylinux_2_5_x86_64.manylinux1_x86_64.manylinux_2_12_x86_64.manylinux2010_x86_64.whl", hash = "sha256:45d1ca7f5aa04631efbb18118ef842e08c07e211de8af2f6fcceff8882162de7"},
    {file = "selectolax-0.3.7-cp310-cp310-musllinux_1_1_aarch64.whl", hash = "sha256:dc5c54e1ab4d5bfe9e4a7b57c0e6272fa7274149a679fd2fd4d6f5ceccae0b9f"},
    {file = "selectolax-0.3.7-cp310-cp310-musllinux_1_1_i686.whl", hash = "sha256:074596761d4676a52a45d483b24de6e29497003fca487200c6553ae2e4bda5b6"},
    {file = "selectolax-0.3.7-cp310-cp310-musllinux_1_1_x86_64.whl", hash = "sha256:340653a1d22dbf9c403bbdd182ba320b221625a7caabafb33ba3257d506f9862"},
    {file = "selectolax-0.3.7-cp310-cp310-win32.whl", hash = "sha256:2f489e7f122fb1f66d7d5a3ed1cfebb73ba49d93572840a025fde3b58c573158"},
    {file = "selectolax-0.3.7-cp310-cp310-win_amd64.whl", hash = "sha256:a7eab62e417af769848fc5033f6ea65df37f01b3810a97a40b8d35423cb50d38"},
    {file = "selectolax-0.3.7-cp36-cp36m-macosx_10_9_x86_64.whl", hash = "sha256:62517dcecb4c2ce7149bb368d66b171f4a62d0ceddf68e316c6e59157a50c597"},
    {file = "selectolax-0.3.7-cp36-cp36m-manylinux_2_5_i686.manylinux1_i686.manylinux_2_12_i686.manylinux2010_i686.whl", hash = "sha256:38ec4adac07357a26f88c173654a9d898166c68f1fcad16c153ef65be7d478ff"},
    {file = "selectolax-0.3.7-cp36-cp36m-manylinux_2_5_x86_64.manylinux1_x86_64.manylinux_2_12_x86_64.manylinux2010_x86_64.whl", hash = "sha256:72c0ccedef6af8b5a5db08e629ca6dad85c7c5a9877f20069c0ff80ab2267ae8"},
    {file = "selectolax-0.3.7-cp36-cp36m-musllinux_1_1_i686.whl", hash = "sha256:2ace74d1b3eb37c084fe9b2b51b99ded7ea708c049bab377250997020c51310a"},
    {file = "selectolax-0.3.7-cp36-cp36m-musllinux_1_1_x86_64.whl", hash = "sha256:a107f91981f933bb8378484ed92a11e15f93a19d82a333d1920093189a33d296"},
    {file = "selectolax-0.3.7-cp36-cp36m-win32.whl", hash = "sha256:f1a122c9838cfe0e178ba439d25768ee05509de659f12492172f3b025fa3e2ea"},
    {file = "selectolax-0.3.7-cp36-cp36m-win_amd64.whl", hash = "sha256:b6c0ab57e9e10ce597c687236606cb21a0aa1d47c5165835b8c445205e1e8afc"},
    {file = "selectolax-0.3.7-cp37-cp37m-macosx_10_9_x86_64.whl", hash = "sha256:8818208783f1bc8b7db28ed10c1ce3e81bc8e80ec28d3b83b43f02eac70af1e9"},
    {file = "selectolax-0.3.7-cp37-cp37m-manylinux_2_17_aarch64.manylinux2014_aarch64.whl", hash = "sha256:b028fb6d70344a541393e3f745e57b573f68604518c74b614ef100ad12556329"},
    {file = "selectolax-0.3.7-cp37-cp37m-manylinux_2_5_i686.manylinux1_i686.manylinux_2_12_i686.manylinux2010_i686.whl", hash = "sha256:7d79a273a21f4948724bbe3ea9056bd23ee8d41ced16416d11b235c1753bede2"},
    {file = "selectolax-0.3.7-cp37-cp37m-manylinux_2_5_x86_64.manylinux1_x86_64.manylinux_2_12_x86_64.manylinux2010_x86_64.whl", hash = "sha256:e19d13a39198b4cda1e4e594368c0ff4ae9bac2dc012de2217ab5cabd2787a2a"},
    {file = "selectolax-0.3.7-cp37-cp37m-musllinux_1_1_aarch64.whl", hash = "sha256:4f7bac08ff3feab36b7caebc84d65c73384089b3c798d376fe5b121ee86fc747"},
    {file = "selectolax-0.3.7-cp37-cp37m-musllinux_1_1_i686.whl", hash = "sha256:2636557cc64e9be7ac9d6ba5d25f83e1feb992f2105bc30ea4d2c186758a466e"},
    {file = "selectolax-0.3.7-cp37-cp37m-musllinux_1_1_x86_64.whl", hash = "sha256:5c6395d8922eca4342d00a10d969a5c06a53b3cebb094afb7895aa68ca8b83e5"},
    {file = "selectolax-0.3.7-cp37-cp37m-win32.whl", hash = "sha256:3ffafae83e9079085e3c1b940dba42781fb93b94408807ae232fe905fc488043"},
    {file = "selectolax-0.3.7-cp37-cp37m-win_amd64.whl", hash = "sha256:5ad4c50c93a2ab820764772ae9e2a4238c9bd9ffcd53d1a396c65cc66bca3f72"},
    {file = "selectolax-0.3.7-cp38-cp38-macosx_10_9_universal2.whl", hash = "sha256:8052fa78670c82aa4e1c911f082ed7aa508767ee82c7e7db2b1b562d63f8b042"},
    {file = "selectolax-0.3.7-cp38-cp38-macosx_10_9_x86_64.whl", hash = "sha256:354eca7302d7f491f20f349b336144b82adc3af23aea8390c057b0ea03493e28"},
    {file = "selectolax-0.3.7-cp38-cp38-manylinux_2_17_aarch64.manylinux2014_aarch64.whl", hash = "sha256:39154e744a2fc3a3c67dbae2f2cc624af6d47c7f3aaa4bfceb26490152b7625b"},
    {file = "selectolax-0.3.7-cp38-cp38-manylinux_2_5_i686.manylinux1_i686.manylinux_2_12_i686.manylinux2010_i686.whl", hash = "sha256:88383b8103670af53de000864fe6dfbd4ee0ce9057162b77c7c4521bd9f9a10f"},
    {file = "selectolax-0.3.7-cp38-cp38-manylinux_2_5_x86_64.manylinux1_x86_64.manylinux_2_12_x86_64.manylinux2010_x86_64.whl", hash = "sha256:46e3cd43c98512d11243971a04da03db0652eda5da1bfd7d656ffc8d3251f803"},
    {file = "selectolax-0.3.7-cp38-cp38-musllinux_1_1_aarch64.whl", hash = "sha256:8efc72c56910c282c14ad31643dff38b51b5a26fd02caae2aa4414e8577a618a"},
    {file = "selectolax-0.3.7-cp38-cp38-musllinux_1_1_i686.whl", hash = "sha256:95e9088e036bd3b1b0f0f9765e6a8b05f97254ce23d17ac7299d7f5fa1a209b3"},
    {file = "selectolax-0.3.7-cp38-cp38-musllinux_1_1_x86_64.whl", hash = "sha256:c85b40fe60a38ea61ee830e161674cff0792adebda497ad5fe1c74394aadb747"},
    {file = "selectolax-0.3.7-cp38-cp38-win32.whl", hash = "sha256:59836d68308bd89d3b9c249e3dc668aafdb1fadb4daa47c6aab268d15be30ce5"},
    {file = "selectolax-0.3.7-cp38-cp38-win_amd64.whl", hash = "sha256:e481b8c2d25c8ddd496021c9a489a71aa04b526139d41152e5253730dd517e0c"},
    {file = "selectolax-0.3.7-cp39-cp39-macosx_10_9_universal2.whl", hash = "sha256:80153bde3f7a798db197c00693129b78c161de5cb2b9e2d5b9db9688f06315d3"},
    {file = "selectolax-0.3.7-cp39-cp39-macosx_10_9_x86_64.whl", hash = "sha256:53905f24af11a2a5a5e59fb1ed740da4e976a7a4122a830ea1b958e127ac6f59"},
    {file = "selectolax-0.3.7-cp39-cp39-manylinux_2_17_aarch64.manylinux2014_aarch64.whl", hash = "sha256:553450d8f137cafcf8d58016ed9619187ab88db6df1e7255ac1b61acc794034b"},
    {file = "selectolax-0.3.7-cp39-cp39-manylinux_2_5_i686.manylinux1_i686.manylinux_2_12_i686.manylinux2010_i686.whl", hash = "sha256:5d6afe4d9d53873269a3fec2cd690dc54588206e72917e5d615988fc683efa07"},
    {file = "selectolax-0.3.7-cp39-cp39-manylinux_2_5_x86_64.manylinux1_x86_64.manylinux_2_12_x86_64.manylinux2010_x86_64.whl", hash = "sha256:60dae0b5efc1b4e24dcd8cd99d728cfa47f524bff00708dc2ccfa2377966b1f3"},
    {file = "selectolax-0.3.7-cp39-cp39-musllinux_1_1_aarch64.whl", hash = "sha256:c6ca787e85fa50ee639dd08824a9fb58d528d4d62e344e08a7083873c83e8584"},
    {file = "selectolax-0.3.7-cp39-cp39-musllinux_1_1_i686.whl", hash = "sha256:df46784bb5c66a4429bee7c563b5df5929579436292d8f331a0fcdf66f28a756"},
    {file = "selectolax-0.3.7-cp39-cp39-musllinux_1_1_x86_64.whl", hash = "sha256:b4e39d919b5e03eca9fb7e0ef3ab60b3325f055504351797312a06df56e2aeda"},
    {file = "selectolax-0.3.7-cp39-cp39-win32.whl", hash = "sha256:ac88b687b2b52eaff69282426e7688c494d60b1a2f14628fd58a48cedf8e8881"},
    {file = "selectolax-0.3.7-cp39-cp39-win_amd64.whl", hash = "sha256:49cc8a69fdb148069a2890109ad11c9e44a53cd58ee69e2e9f7879ab441e4140"},
    {file = "selectolax-0.3.7-pp37-pypy37_pp73-macosx_10_9_x86_64.whl", hash = "sha256:13936a68733fa5b4f75f61a623c5a7b58594ab79b7fc9aba94df1e55c46386dd"},
    {file = "selectolax-0.3.7-pp37-pypy37_pp73-manylinux_2_5_i686.manylinux1_i686.manylinux_2_12_i686.manylinux2010_i686.whl", hash = "sha256:9db29eaab5ae28f358b875b8ab6cda3ce39b40f95e00ae2d4c2d258242fe31ee"},
    {file = "selectolax-0.3.7-pp37-pypy37_pp73-manylinux_2_5_x86_64.manylinux1_x86_64.manylinux_2_12_x86_64.manylinux2010_x86_64.whl", hash = "sha256:0b1ca08e49eb108cc410656854b0b18a26540973c6d01c87316bc52b52f5528a"},
    {file = "selectolax-0.3.7-pp37-pypy37_pp73-win_amd64.whl", hash = "sha256:4abfaa5c00fed1e7bdc966e9afb77ae07cbc2841cb0bf77a4a7976863df1acec"},
    {file = "selectolax-0.3.7.tar.gz", hash = "sha256:85d21e8832133c76fd8f1d27ba2093e141bd22bad6a2b19f348e1757298b62e9"},
]

[package.dependencies]
Cython = ">=0.29.23"

[[package]]
name = "setuptools"
version = "62.1.0"
description = "Easily download, build, install, upgrade, and uninstall Python packages"
category = "main"
optional = false
python-versions = ">=3.7"
files = [
    {file = "setuptools-62.1.0-py3-none-any.whl", hash = "sha256:26ead7d1f93efc0f8c804d9fafafbe4a44b179580a7105754b245155f9af05a8"},
    {file = "setuptools-62.1.0.tar.gz", hash = "sha256:47c7b0c0f8fc10eec4cf1e71c6fdadf8decaa74ffa087e68cd1c20db7ad6a592"},
]

[package.extras]
docs = ["furo", "jaraco.packaging (>=9)", "jaraco.tidelift (>=1.4)", "pygments-github-lexers (==0.0.5)", "rst.linker (>=1.9)", "sphinx", "sphinx-favicon", "sphinx-inline-tabs", "sphinxcontrib-towncrier"]
testing = ["build[virtualenv]", "filelock (>=3.4.0)", "flake8-2020", "ini2toml[lite] (>=0.9)", "jaraco.envs (>=2.2)", "jaraco.path (>=3.2.0)", "mock", "pip (>=19.1)", "pip-run (>=8.8)", "pytest (>=6)", "pytest-black (>=0.3.7)", "pytest-checkdocs (>=2.4)", "pytest-cov", "pytest-enabler (>=1.0.1)", "pytest-flake8", "pytest-mypy (>=0.9.1)", "pytest-perf", "pytest-xdist", "tomli-w (>=1.0.0)", "virtualenv (>=13.0.0)", "wheel"]
testing-integration = ["build[virtualenv]", "filelock (>=3.4.0)", "jaraco.envs (>=2.2)", "jaraco.path (>=3.2.0)", "pytest", "pytest-enabler", "pytest-xdist", "tomli", "virtualenv (>=13.0.0)", "wheel"]

[[package]]
name = "six"
version = "1.12.0"
description = "Python 2 and 3 compatibility utilities"
category = "main"
optional = false
python-versions = ">=2.6, !=3.0.*, !=3.1.*"
files = [
    {file = "six-1.12.0-py2.py3-none-any.whl", hash = "sha256:3350809f0555b11f552448330d0b52d5f24c91a322ea4a15ef22629740f3761c"},
    {file = "six-1.12.0.tar.gz", hash = "sha256:d16a0141ec1a18405cd4ce8b4613101da75da0e9a7aec5bdd4fa804d0e0eba73"},
]

[[package]]
name = "spinners"
version = "0.0.24"
description = "Spinners for terminals"
category = "main"
optional = false
python-versions = "*"
files = [
    {file = "spinners-0.0.24-py3-none-any.whl", hash = "sha256:2fa30d0b72c9650ad12bbe031c9943b8d441e41b4f5602b0ec977a19f3290e98"},
    {file = "spinners-0.0.24.tar.gz", hash = "sha256:1eb6aeb4781d72ab42ed8a01dcf20f3002bf50740d7154d12fb8c9769bf9e27f"},
]

[[package]]
name = "tabulate"
version = "0.8.9"
description = "Pretty-print tabular data"
category = "main"
optional = false
python-versions = "*"
files = [
    {file = "tabulate-0.8.9-py3-none-any.whl", hash = "sha256:d7c013fe7abbc5e491394e10fa845f8f32fe54f8dc60c6622c6cf482d25d47e4"},
    {file = "tabulate-0.8.9.tar.gz", hash = "sha256:eb1d13f25760052e8931f2ef80aaf6045a6cceb47514db8beab24cded16f13a7"},
]

[package.extras]
widechars = ["wcwidth"]

[[package]]
name = "termcolor"
version = "1.1.0"
description = "ANSII Color formatting for output in terminal."
category = "main"
optional = false
python-versions = "*"
files = [
    {file = "termcolor-1.1.0.tar.gz", hash = "sha256:1d6d69ce66211143803fbc56652b41d73b4a400a2891d7bf7a1cdf4c02de613b"},
]

[[package]]
name = "typing-extensions"
version = "4.2.0"
description = "Backported and Experimental Type Hints for Python 3.7+"
category = "main"
optional = false
python-versions = ">=3.7"
files = [
    {file = "typing_extensions-4.2.0-py3-none-any.whl", hash = "sha256:6657594ee297170d19f67d55c05852a874e7eb634f4f753dbd667855e07c1708"},
    {file = "typing_extensions-4.2.0.tar.gz", hash = "sha256:f1c24655a0da0d1b67f07e17a5e6b2a105894e6824b92096378bb3668ef02376"},
]

[[package]]
name = "uritemplate"
version = "3.0.1"
description = "URI templates"
category = "main"
optional = false
python-versions = ">=2.7, !=3.0.*, !=3.1.*, !=3.2.*, !=3.3.*"
files = [
    {file = "uritemplate-3.0.1-py2.py3-none-any.whl", hash = "sha256:07620c3f3f8eed1f12600845892b0e036a2420acf513c53f7de0abd911a5894f"},
    {file = "uritemplate-3.0.1.tar.gz", hash = "sha256:5af8ad10cec94f215e3f48112de2022e1d5a37ed427fbd88652fa908f2ab7cae"},
]

[[package]]
name = "urllib3"
version = "1.26.5"
description = "HTTP library with thread-safe connection pooling, file post, and more."
category = "main"
optional = false
python-versions = ">=2.7, !=3.0.*, !=3.1.*, !=3.2.*, !=3.3.*, !=3.4.*, <4"
files = [
    {file = "urllib3-1.26.5-py2.py3-none-any.whl", hash = "sha256:753a0374df26658f99d826cfe40394a686d05985786d946fbe4165b5148f5a7c"},
    {file = "urllib3-1.26.5.tar.gz", hash = "sha256:a7acd0977125325f516bda9735fa7142b909a8d01e8b2e4c8108d0984e6e0098"},
]

[package.extras]
brotli = ["brotlipy (>=0.6.0)"]
secure = ["certifi", "cryptography (>=1.3.4)", "idna (>=2.0.0)", "ipaddress", "pyOpenSSL (>=0.14)"]
socks = ["PySocks (>=1.5.6,!=1.5.7,<2.0)"]

[[package]]
name = "zipp"
version = "3.8.0"
description = "Backport of pathlib-compatible object wrapper for zip files"
category = "main"
optional = false
python-versions = ">=3.7"
files = [
    {file = "zipp-3.8.0-py3-none-any.whl", hash = "sha256:c4f6e5bbf48e74f7a38e7cc5b0480ff42b0ae5178957d564d18932525d5cf099"},
    {file = "zipp-3.8.0.tar.gz", hash = "sha256:56bf8aadb83c24db6c4b577e13de374ccfb67da2078beba1d037c17980bf43ad"},
]

[package.extras]
docs = ["jaraco.packaging (>=9)", "rst.linker (>=1.9)", "sphinx"]
testing = ["func-timeout", "jaraco.itertools", "pytest (>=6)", "pytest-black (>=0.3.7)", "pytest-checkdocs (>=2.4)", "pytest-cov", "pytest-enabler (>=1.0.1)", "pytest-flake8", "pytest-mypy (>=0.9.1)"]

[metadata]
lock-version = "2.0"
python-versions = "^3.7"
content-hash = "a7b69d68ced11ce438cdcb9e2b2731bcfc6e0a1ad2c13f0d3283a1b500ff5743"
